
Microsoft Visual Studio Solution File, Format Version 12.00
# Visual Studio Version 17
VisualStudioVersion = 17.14.36202.13
MinimumVisualStudioVersion = 10.0.40219.1
Project("{FAE04EC0-301F-11D3-BF4B-00C04F79EFBC}") = "permissionproject", "permissionproject.csproj", "{721731E5-1CFD-4208-B2B5-45DC241FAAB4}"
EndProject
Project("{FAE04EC0-301F-11D3-BF4B-00C04F79EFBC}") = "Infrastructure", "..\Infrastructure\Infrastructure.csproj", "{FEBBF52D-3433-42E5-BC82-F90B7A944D30}"
EndProject
Project("{FAE04EC0-301F-11D3-BF4B-00C04F79EFBC}") = "Domain", "..\Domain\Domain.csproj", "{0EAB8C6F-32C8-45F5-BA0F-7AF70C6671D6}"
EndProject
Global
	GlobalSection(SolutionConfigurationPlatforms) = preSolution
		Debug|Any CPU = Debug|Any CPU
		Release|Any CPU = Release|Any CPU
	EndGlobalSection
	GlobalSection(ProjectConfigurationPlatforms) = postSolution
		{721731E5-1CFD-4208-B2B5-45DC241FAAB4}.Debug|Any CPU.ActiveCfg = Debug|Any CPU
		{721731E5-1CFD-4208-B2B5-45DC241FAAB4}.Debug|Any CPU.Build.0 = Debug|Any CPU
		{721731E5-1CFD-4208-B2B5-45DC241FAAB4}.Release|Any CPU.ActiveCfg = Release|Any CPU
		{721731E5-1CFD-4208-B2B5-45DC241FAAB4}.Release|Any CPU.Build.0 = Release|Any CPU
		{FEBBF52D-3433-42E5-BC82-F90B7A944D30}.Debug|Any CPU.ActiveCfg = Debug|Any CPU
		{FEBBF52D-3433-42E5-BC82-F90B7A944D30}.Debug|Any CPU.Build.0 = Debug|Any CPU
		{FEBBF52D-3433-42E5-BC82-F90B7A944D30}.Release|Any CPU.ActiveCfg = Release|Any CPU
		{FEBBF52D-3433-42E5-BC82-F90B7A944D30}.Release|Any CPU.Build.0 = Release|Any CPU
		{0EAB8C6F-32C8-45F5-BA0F-7AF70C6671D6}.Debug|Any CPU.ActiveCfg = Debug|Any CPU
		{0EAB8C6F-32C8-45F5-BA0F-7AF70C6671D6}.Debug|Any CPU.Build.0 = Debug|Any CPU
		{0EAB8C6F-32C8-45F5-BA0F-7AF70C6671D6}.Release|Any CPU.ActiveCfg = Release|Any CPU
		{0EAB8C6F-32C8-45F5-BA0F-7AF70C6671D6}.Release|Any CPU.Build.0 = Release|Any CPU
	EndGlobalSection
	GlobalSection(SolutionProperties) = preSolution
		HideSolutionNode = FALSE
	EndGlobalSection
	GlobalSection(ExtensibilityGlobals) = postSolution
		SolutionGuid = {E15861E6-8AF8-4C99-B9CB-6ED8EB71BA88}
	EndGlobalSection
EndGlobal
